
Microsoft Visual Studio Solution File, Format Version 12.00
# Visual Studio Version 17
VisualStudioVersion = 17.0.31903.59
MinimumVisualStudioVersion = 10.0.40219.1
Project("{FAE04EC0-301F-11D3-BF4B-00C04F79EFBC}") = "RazorMinimal", "RazorMinimal\RazorMinimal.csproj", "{EDD3D2E2-0EB9-4D96-B0A5-7E544EA228D1}"
EndProject
Project("{FAE04EC0-301F-11D3-BF4B-00C04F79EFBC}") = "NorthwindDB", "NorthwindDB\NorthwindDB.csproj", "{5E9E20B3-78A2-4B1A-8472-C4285AADB830}"
EndProject
Global
	GlobalSection(SolutionConfigurationPlatforms) = preSolution
		Debug|Any CPU = Debug|Any CPU
		Release|Any CPU = Release|Any CPU
	EndGlobalSection
	GlobalSection(SolutionProperties) = preSolution
		HideSolutionNode = FALSE
	EndGlobalSection
	GlobalSection(ProjectConfigurationPlatforms) = postSolution
		{EDD3D2E2-0EB9-4D96-B0A5-7E544EA228D1}.Debug|Any CPU.ActiveCfg = Debug|Any CPU
		{EDD3D2E2-0EB9-4D96-B0A5-7E544EA228D1}.Debug|Any CPU.Build.0 = Debug|Any CPU
		{EDD3D2E2-0EB9-4D96-B0A5-7E544EA228D1}.Release|Any CPU.ActiveCfg = Release|Any CPU
		{EDD3D2E2-0EB9-4D96-B0A5-7E544EA228D1}.Release|Any CPU.Build.0 = Release|Any CPU
		{5E9E20B3-78A2-4B1A-8472-C4285AADB830}.Debug|Any CPU.ActiveCfg = Debug|Any CPU
		{5E9E20B3-78A2-4B1A-8472-C4285AADB830}.Debug|Any CPU.Build.0 = Debug|Any CPU
		{5E9E20B3-78A2-4B1A-8472-C4285AADB830}.Release|Any CPU.ActiveCfg = Release|Any CPU
		{5E9E20B3-78A2-4B1A-8472-C4285AADB830}.Release|Any CPU.Build.0 = Release|Any CPU
	EndGlobalSection
EndGlobal
